
Microsoft Visual Studio Solution File, Format Version 12.00
# Visual Studio Version 16
VisualStudioVersion = 16.0.31515.178
MinimumVisualStudioVersion = 10.0.40219.1
Project("{FAE04EC0-301F-11D3-BF4B-00C04F79EFBC}") = "EX1", "EX1.csproj", "{C0936740-A2EB-4891-BF35-FE6AD0160BA3}"
EndProject
Global
	GlobalSection(SolutionConfigurationPlatforms) = preSolution
		Debug|Any CPU = Debug|Any CPU
		Release|Any CPU = Release|Any CPU
	EndGlobalSection
	GlobalSection(ProjectConfigurationPlatforms) = postSolution
		{C0936740-A2EB-4891-BF35-FE6AD0160BA3}.Debug|Any CPU.ActiveCfg = Debug|Any CPU
		{C0936740-A2EB-4891-BF35-FE6AD0160BA3}.Debug|Any CPU.Build.0 = Debug|Any CPU
		{C0936740-A2EB-4891-BF35-FE6AD0160BA3}.Release|Any CPU.ActiveCfg = Release|Any CPU
		{C0936740-A2EB-4891-BF35-FE6AD0160BA3}.Release|Any CPU.Build.0 = Release|Any CPU
	EndGlobalSection
	GlobalSection(SolutionProperties) = preSolution
		HideSolutionNode = FALSE
	EndGlobalSection
	GlobalSection(ExtensibilityGlobals) = postSolution
		SolutionGuid = {0EBBC703-4A12-43A0-857B-7CD07FD4BF84}
	EndGlobalSection
EndGlobal
